
Microsoft Visual Studio Solution File, Format Version 12.00
# Visual Studio Version 17
VisualStudioVersion = 17.1.32328.378
MinimumVisualStudioVersion = 10.0.40219.1
Project("{FAE04EC0-301F-11D3-BF4B-00C04F79EFBC}") = "TrackerLibrary", "TrackerLibrary\TrackerLibrary.csproj", "{54C10A62-4A9E-46A2-9794-9D17E3147F4F}"
EndProject
Project("{FAE04EC0-301F-11D3-BF4B-00C04F79EFBC}") = "TrackerUI", "TrackerUI\TrackerUI.csproj", "{0830E825-6A58-4678-8D4F-A8638A7EF9AF}"
EndProject
Global
	GlobalSection(SolutionConfigurationPlatforms) = preSolution
		Debug|Any CPU = Debug|Any CPU
		Release|Any CPU = Release|Any CPU
	EndGlobalSection
	GlobalSection(ProjectConfigurationPlatforms) = postSolution
		{54C10A62-4A9E-46A2-9794-9D17E3147F4F}.Debug|Any CPU.ActiveCfg = Debug|Any CPU
		{54C10A62-4A9E-46A2-9794-9D17E3147F4F}.Debug|Any CPU.Build.0 = Debug|Any CPU
		{54C10A62-4A9E-46A2-9794-9D17E3147F4F}.Release|Any CPU.ActiveCfg = Release|Any CPU
		{54C10A62-4A9E-46A2-9794-9D17E3147F4F}.Release|Any CPU.Build.0 = Release|Any CPU
		{0830E825-6A58-4678-8D4F-A8638A7EF9AF}.Debug|Any CPU.ActiveCfg = Debug|Any CPU
		{0830E825-6A58-4678-8D4F-A8638A7EF9AF}.Debug|Any CPU.Build.0 = Debug|Any CPU
		{0830E825-6A58-4678-8D4F-A8638A7EF9AF}.Release|Any CPU.ActiveCfg = Release|Any CPU
		{0830E825-6A58-4678-8D4F-A8638A7EF9AF}.Release|Any CPU.Build.0 = Release|Any CPU
	EndGlobalSection
	GlobalSection(SolutionProperties) = preSolution
		HideSolutionNode = FALSE
	EndGlobalSection
	GlobalSection(ExtensibilityGlobals) = postSolution
		SolutionGuid = {5F945E5C-439C-413A-943B-83CD15DCB0FF}
	EndGlobalSection
EndGlobal
